
Microsoft Visual Studio Solution File, Format Version 12.00
# Visual Studio Version 16
VisualStudioVersion = 16.0.29102.190
MinimumVisualStudioVersion = 10.0.40219.1
Project("{FAE04EC0-301F-11D3-BF4B-00C04F79EFBC}") = "ProductManagementApiTests", "ProductManagementApiTests\ProductManagementApiTests.csproj", "{A6DE9AB1-F087-4D71-B8E0-C2D67B125DF3}"
EndProject
Project("{FAE04EC0-301F-11D3-BF4B-00C04F79EFBC}") = "ProductManagementApi", "ProductManagementApi\ProductManagementApi.csproj", "{C3977935-D1E3-48B4-8462-F3DF27CA2797}"
EndProject
Global
	GlobalSection(SolutionConfigurationPlatforms) = preSolution
		Debug|Any CPU = Debug|Any CPU
		Release|Any CPU = Release|Any CPU
	EndGlobalSection
	GlobalSection(ProjectConfigurationPlatforms) = postSolution
		{A6DE9AB1-F087-4D71-B8E0-C2D67B125DF3}.Debug|Any CPU.ActiveCfg = Debug|Any CPU
		{A6DE9AB1-F087-4D71-B8E0-C2D67B125DF3}.Debug|Any CPU.Build.0 = Debug|Any CPU
		{A6DE9AB1-F087-4D71-B8E0-C2D67B125DF3}.Release|Any CPU.ActiveCfg = Release|Any CPU
		{A6DE9AB1-F087-4D71-B8E0-C2D67B125DF3}.Release|Any CPU.Build.0 = Release|Any CPU
		{C3977935-D1E3-48B4-8462-F3DF27CA2797}.Debug|Any CPU.ActiveCfg = Debug|Any CPU
		{C3977935-D1E3-48B4-8462-F3DF27CA2797}.Debug|Any CPU.Build.0 = Debug|Any CPU
		{C3977935-D1E3-48B4-8462-F3DF27CA2797}.Release|Any CPU.ActiveCfg = Release|Any CPU
		{C3977935-D1E3-48B4-8462-F3DF27CA2797}.Release|Any CPU.Build.0 = Release|Any CPU
	EndGlobalSection
	GlobalSection(SolutionProperties) = preSolution
		HideSolutionNode = FALSE
	EndGlobalSection
	GlobalSection(ExtensibilityGlobals) = postSolution
		SolutionGuid = {EA98A4CD-40C0-48D7-96EE-1A5284E8A6FA}
	EndGlobalSection
EndGlobal
